// !$*UTF8*$!
{
	archiveVersion = 1;
	classes = {
	};
	objectVersion = 46;
	objects = {

/* Begin PBXBuildFile section */
		C03E428B180F0DFE0070FE22 /* CoreAudio.framework in Frameworks */ = {isa = PBXBuildFile; fileRef = C03E428A180F0DFE0070FE22 /* CoreAudio.framework */; };
		C03E428D180F0E6C0070FE22 /* AVFoundation.framework in Frameworks */ = {isa = PBXBuildFile; fileRef = C03E428C180F0E6C0070FE22 /* AVFoundation.framework */; };
		C03E9F80181C53A00011D853 /* sliderthumb.png in Resources */ = {isa = PBXBuildFile; fileRef = C03E9F7F181C53A00011D853 /* sliderthumb.png */; };
		C0515B4018C5E8CC00C60B88 /* QuartzCore.framework in Frameworks */ = {isa = PBXBuildFile; fileRef = C0515B3F18C5E8CC00C60B88 /* QuartzCore.framework */; };
		C072611C1885D5B400782E58 /* AudioFileReader.mm in Sources */ = {isa = PBXBuildFile; fileRef = C072611B1885D5B400782E58 /* AudioFileReader.mm */; settings = {COMPILER_FLAGS = "-fno-objc-arc"; }; };
		C083EFD1181BE2ED00EE7933 /* in button.png in Resources */ = {isa = PBXBuildFile; fileRef = C083EFD0181BE2ED00EE7933 /* in button.png */; };
		C083EFD3181BF2FC00EE7933 /* out button.png in Resources */ = {isa = PBXBuildFile; fileRef = C083EFD2181BF2FC00EE7933 /* out button.png */; };
		C08F60E9181DCC800023C893 /* ETFilterScreenViewController.m in Sources */ = {isa = PBXBuildFile; fileRef = C08F60E8181DCC800023C893 /* ETFilterScreenViewController.m */; };
		C0924C791816C0CE00A87334 /* ETFilterStateHandler.m in Sources */ = {isa = PBXBuildFile; fileRef = C0924C781816C0CE00A87334 /* ETFilterStateHandler.m */; };
		C09A9A0F180DB00B001DD5A9 /* Accelerate.framework in Frameworks */ = {isa = PBXBuildFile; fileRef = C09A9A0E180DB00B001DD5A9 /* Accelerate.framework */; };
		C09A9A14180DB1C8001DD5A9 /* AudioToolbox.framework in Frameworks */ = {isa = PBXBuildFile; fileRef = C09A9A13180DB1C8001DD5A9 /* AudioToolbox.framework */; };
		C09A9A17180DB302001DD5A9 /* RingBuffer.mm in Sources */ = {isa = PBXBuildFile; fileRef = C09A9A16180DB302001DD5A9 /* RingBuffer.mm */; settings = {COMPILER_FLAGS = "-fno-objc-arc"; }; };
		C0CAD15018650C7A002F261C /* out button2.png in Resources */ = {isa = PBXBuildFile; fileRef = C0CAD14F18650C7A002F261C /* out button2.png */; };
		C0CB23C618109DB00017994B /* ETWaveformImageView.m in Sources */ = {isa = PBXBuildFile; fileRef = C0CB23C518109DB00017994B /* ETWaveformImageView.m */; };
		C0DDE1D0180DA5C8005FF890 /* NVAllpassFilter.m in Sources */ = {isa = PBXBuildFile; fileRef = C0DDE1BF180DA5C8005FF890 /* NVAllpassFilter.m */; };
		C0DDE1D1180DA5C8005FF890 /* NVBandpassFilter.m in Sources */ = {isa = PBXBuildFile; fileRef = C0DDE1C1180DA5C8005FF890 /* NVBandpassFilter.m */; };
		C0DDE1D2180DA5C8005FF890 /* NVBandpassQPeakGainFilter.m in Sources */ = {isa = PBXBuildFile; fileRef = C0DDE1C3180DA5C8005FF890 /* NVBandpassQPeakGainFilter.m */; };
		C0DDE1D3180DA5C8005FF890 /* NVHighpassFilter.m in Sources */ = {isa = PBXBuildFile; fileRef = C0DDE1C5180DA5C8005FF890 /* NVHighpassFilter.m */; };
		C0DDE1D4180DA5C8005FF890 /* NVHighShelvingFilter.m in Sources */ = {isa = PBXBuildFile; fileRef = C0DDE1C7180DA5C8005FF890 /* NVHighShelvingFilter.m */; };
		C0DDE1D5180DA5C8005FF890 /* NVLowpassFilter.m in Sources */ = {isa = PBXBuildFile; fileRef = C0DDE1C9180DA5C8005FF890 /* NVLowpassFilter.m */; };
		C0DDE1D6180DA5C8005FF890 /* NVLowShelvingFilter.m in Sources */ = {isa = PBXBuildFile; fileRef = C0DDE1CB180DA5C8005FF890 /* NVLowShelvingFilter.m */; };
		C0DDE1D7180DA5C8005FF890 /* NVNotchFilter.m in Sources */ = {isa = PBXBuildFile; fileRef = C0DDE1CD180DA5C8005FF890 /* NVNotchFilter.m */; };
		C0DDE1D8180DA5C8005FF890 /* NVPeakingEQFilter.m in Sources */ = {isa = PBXBuildFile; fileRef = C0DDE1CF180DA5C8005FF890 /* NVPeakingEQFilter.m */; };
		C0DDE1DB180DA5D7005FF890 /* NVDSP.mm in Sources */ = {isa = PBXBuildFile; fileRef = C0DDE1DA180DA5D7005FF890 /* NVDSP.mm */; };
		C0DDE1F3180DA8FF005FF890 /* AudioFileWriter.m in Sources */ = {isa = PBXBuildFile; fileRef = C0DDE1ED180DA8FF005FF890 /* AudioFileWriter.m */; };
		C0DDE1F4180DA8FF005FF890 /* Novocaine.m in Sources */ = {isa = PBXBuildFile; fileRef = C0DDE1EF180DA8FF005FF890 /* Novocaine.m */; };
		C0DDE1F8180DABAB005FF890 /* ETManager.mm in Sources */ = {isa = PBXBuildFile; fileRef = C0DDE1F7180DABAB005FF890 /* ETManager.mm */; };
		C0E46121180D72CF001AAF9B /* Foundation.framework in Frameworks */ = {isa = PBXBuildFile; fileRef = C0E46120180D72CF001AAF9B /* Foundation.framework */; };
		C0E46123180D72CF001AAF9B /* CoreGraphics.framework in Frameworks */ = {isa = PBXBuildFile; fileRef = C0E46122180D72CF001AAF9B /* CoreGraphics.framework */; };
		C0E46125180D72CF001AAF9B /* UIKit.framework in Frameworks */ = {isa = PBXBuildFile; fileRef = C0E46124180D72CF001AAF9B /* UIKit.framework */; };
		C0E4612B180D72CF001AAF9B /* InfoPlist.strings in Resources */ = {isa = PBXBuildFile; fileRef = C0E46129180D72CF001AAF9B /* InfoPlist.strings */; };
		C0E4612D180D72CF001AAF9B /* main.m in Sources */ = {isa = PBXBuildFile; fileRef = C0E4612C180D72CF001AAF9B /* main.m */; };
		C0E46131180D72CF001AAF9B /* ETAppDelegate.m in Sources */ = {isa = PBXBuildFile; fileRef = C0E46130180D72CF001AAF9B /* ETAppDelegate.m */; };
		C0E46134180D72CF001AAF9B /* Main.storyboard in Resources */ = {isa = PBXBuildFile; fileRef = C0E46132180D72CF001AAF9B /* Main.storyboard */; };
		C0E46137180D72CF001AAF9B /* ETViewController.mm in Sources */ = {isa = PBXBuildFile; fileRef = C0E46136180D72CF001AAF9B /* ETViewController.mm */; };
		C0E46139180D72CF001AAF9B /* Images.xcassets in Resources */ = {isa = PBXBuildFile; fileRef = C0E46138180D72CF001AAF9B /* Images.xcassets */; };
		C0E46140180D72CF001AAF9B /* XCTest.framework in Frameworks */ = {isa = PBXBuildFile; fileRef = C0E4613F180D72CF001AAF9B /* XCTest.framework */; };
		C0E46141180D72CF001AAF9B /* Foundation.framework in Frameworks */ = {isa = PBXBuildFile; fileRef = C0E46120180D72CF001AAF9B /* Foundation.framework */; };
		C0E46142180D72CF001AAF9B /* UIKit.framework in Frameworks */ = {isa = PBXBuildFile; fileRef = C0E46124180D72CF001AAF9B /* UIKit.framework */; };
		C0E4614A180D72CF001AAF9B /* InfoPlist.strings in Resources */ = {isa = PBXBuildFile; fileRef = C0E46148180D72CF001AAF9B /* InfoPlist.strings */; };
		C0E4614C180D72CF001AAF9B /* ear_trainerTests.m in Sources */ = {isa = PBXBuildFile; fileRef = C0E4614B180D72CF001AAF9B /* ear_trainerTests.m */; };
		C0E46156180D7371001AAF9B /* MediaPlayer.framework in Frameworks */ = {isa = PBXBuildFile; fileRef = C0E46155180D7370001AAF9B /* MediaPlayer.framework */; };
		C0F97380183830D30015FBAB /* ETCell.m in Sources */ = {isa = PBXBuildFile; fileRef = C0F9737F183830D30015FBAB /* ETCell.m */; };
		C0F973831838374D0015FBAB /* ETHeaderView.m in Sources */ = {isa = PBXBuildFile; fileRef = C0F973821838374D0015FBAB /* ETHeaderView.m */; };
/* End PBXBuildFile section */

/* Begin PBXContainerItemProxy section */
		C0E46143180D72CF001AAF9B /* PBXContainerItemProxy */ = {
			isa = PBXContainerItemProxy;
			containerPortal = C0E46115180D72CF001AAF9B /* Project object */;
			proxyType = 1;
			remoteGlobalIDString = C0E4611C180D72CF001AAF9B;
			remoteInfo = "ear trainer";
		};
/* End PBXContainerItemProxy section */

/* Begin PBXFileReference section */
		C03E428A180F0DFE0070FE22 /* CoreAudio.framework */ = {isa = PBXFileReference; lastKnownFileType = wrapper.framework; name = CoreAudio.framework; path = System/Library/Frameworks/CoreAudio.framework; sourceTree = SDKROOT; };
		C03E428C180F0E6C0070FE22 /* AVFoundation.framework */ = {isa = PBXFileReference; lastKnownFileType = wrapper.framework; name = AVFoundation.framework; path = System/Library/Frameworks/AVFoundation.framework; sourceTree = SDKROOT; };
		C03E9F7F181C53A00011D853 /* sliderthumb.png */ = {isa = PBXFileReference; lastKnownFileType = image.png; path = sliderthumb.png; sourceTree = "<group>"; };
		C0515B3F18C5E8CC00C60B88 /* QuartzCore.framework */ = {isa = PBXFileReference; lastKnownFileType = wrapper.framework; name = QuartzCore.framework; path = System/Library/Frameworks/QuartzCore.framework; sourceTree = SDKROOT; };
		C072611A1885D5B400782E58 /* AudioFileReader.h */ = {isa = PBXFileReference; fileEncoding = 4; lastKnownFileType = sourcecode.c.h; path = AudioFileReader.h; sourceTree = "<group>"; };
		C072611B1885D5B400782E58 /* AudioFileReader.mm */ = {isa = PBXFileReference; fileEncoding = 4; lastKnownFileType = sourcecode.cpp.objcpp; path = AudioFileReader.mm; sourceTree = "<group>"; };
		C083EFD0181BE2ED00EE7933 /* in button.png */ = {isa = PBXFileReference; lastKnownFileType = image.png; path = "in button.png"; sourceTree = "<group>"; };
		C083EFD2181BF2FC00EE7933 /* out button.png */ = {isa = PBXFileReference; lastKnownFileType = image.png; path = "out button.png"; sourceTree = "<group>"; };
		C08F60E7181DCC800023C893 /* ETFilterScreenViewController.h */ = {isa = PBXFileReference; fileEncoding = 4; lastKnownFileType = sourcecode.c.h; path = ETFilterScreenViewController.h; sourceTree = "<group>"; };
		C08F60E8181DCC800023C893 /* ETFilterScreenViewController.m */ = {isa = PBXFileReference; fileEncoding = 4; lastKnownFileType = sourcecode.c.objc; path = ETFilterScreenViewController.m; sourceTree = "<group>"; };
		C0924C771816C0CE00A87334 /* ETFilterStateHandler.h */ = {isa = PBXFileReference; fileEncoding = 4; lastKnownFileType = sourcecode.c.h; path = ETFilterStateHandler.h; sourceTree = "<group>"; };
		C0924C781816C0CE00A87334 /* ETFilterStateHandler.m */ = {isa = PBXFileReference; fileEncoding = 4; lastKnownFileType = sourcecode.c.objc; path = ETFilterStateHandler.m; sourceTree = "<group>"; };
		C09A9A0E180DB00B001DD5A9 /* Accelerate.framework */ = {isa = PBXFileReference; lastKnownFileType = wrapper.framework; name = Accelerate.framework; path = System/Library/Frameworks/Accelerate.framework; sourceTree = SDKROOT; };
		C09A9A13180DB1C8001DD5A9 /* AudioToolbox.framework */ = {isa = PBXFileReference; lastKnownFileType = wrapper.framework; name = AudioToolbox.framework; path = System/Library/Frameworks/AudioToolbox.framework; sourceTree = SDKROOT; };
		C09A9A15180DB302001DD5A9 /* RingBuffer.h */ = {isa = PBXFileReference; fileEncoding = 4; lastKnownFileType = sourcecode.c.h; path = RingBuffer.h; sourceTree = "<group>"; };
		C09A9A16180DB302001DD5A9 /* RingBuffer.mm */ = {isa = PBXFileReference; fileEncoding = 4; lastKnownFileType = sourcecode.cpp.objcpp; path = RingBuffer.mm; sourceTree = "<group>"; };
		C0CAD14F18650C7A002F261C /* out button2.png */ = {isa = PBXFileReference; lastKnownFileType = image.png; path = "out button2.png"; sourceTree = "<group>"; };
		C0CB23C418109DB00017994B /* ETWaveformImageView.h */ = {isa = PBXFileReference; fileEncoding = 4; lastKnownFileType = sourcecode.c.h; path = ETWaveformImageView.h; sourceTree = "<group>"; };
		C0CB23C518109DB00017994B /* ETWaveformImageView.m */ = {isa = PBXFileReference; fileEncoding = 4; lastKnownFileType = sourcecode.c.objc; path = ETWaveformImageView.m; sourceTree = "<group>"; };
		C0DDE1BE180DA5C8005FF890 /* NVAllpassFilter.h */ = {isa = PBXFileReference; fileEncoding = 4; lastKnownFileType = sourcecode.c.h; path = NVAllpassFilter.h; sourceTree = "<group>"; };
		C0DDE1BF180DA5C8005FF890 /* NVAllpassFilter.m */ = {isa = PBXFileReference; fileEncoding = 4; lastKnownFileType = sourcecode.c.objc; path = NVAllpassFilter.m; sourceTree = "<group>"; };
		C0DDE1C0180DA5C8005FF890 /* NVBandpassFilter.h */ = {isa = PBXFileReference; fileEncoding = 4; lastKnownFileType = sourcecode.c.h; path = NVBandpassFilter.h; sourceTree = "<group>"; };
		C0DDE1C1180DA5C8005FF890 /* NVBandpassFilter.m */ = {isa = PBXFileReference; fileEncoding = 4; lastKnownFileType = sourcecode.c.objc; path = NVBandpassFilter.m; sourceTree = "<group>"; };
		C0DDE1C2180DA5C8005FF890 /* NVBandpassQPeakGainFilter.h */ = {isa = PBXFileReference; fileEncoding = 4; lastKnownFileType = sourcecode.c.h; path = NVBandpassQPeakGainFilter.h; sourceTree = "<group>"; };
		C0DDE1C3180DA5C8005FF890 /* NVBandpassQPeakGainFilter.m */ = {isa = PBXFileReference; fileEncoding = 4; lastKnownFileType = sourcecode.c.objc; path = NVBandpassQPeakGainFilter.m; sourceTree = "<group>"; };
		C0DDE1C4180DA5C8005FF890 /* NVHighpassFilter.h */ = {isa = PBXFileReference; fileEncoding = 4; lastKnownFileType = sourcecode.c.h; path = NVHighpassFilter.h; sourceTree = "<group>"; };
		C0DDE1C5180DA5C8005FF890 /* NVHighpassFilter.m */ = {isa = PBXFileReference; fileEncoding = 4; lastKnownFileType = sourcecode.c.objc; path = NVHighpassFilter.m; sourceTree = "<group>"; };
		C0DDE1C6180DA5C8005FF890 /* NVHighShelvingFilter.h */ = {isa = PBXFileReference; fileEncoding = 4; lastKnownFileType = sourcecode.c.h; path = NVHighShelvingFilter.h; sourceTree = "<group>"; };
		C0DDE1C7180DA5C8005FF890 /* NVHighShelvingFilter.m */ = {isa = PBXFileReference; fileEncoding = 4; lastKnownFileType = sourcecode.c.objc; path = NVHighShelvingFilter.m; sourceTree = "<group>"; };
		C0DDE1C8180DA5C8005FF890 /* NVLowpassFilter.h */ = {isa = PBXFileReference; fileEncoding = 4; lastKnownFileType = sourcecode.c.h; path = NVLowpassFilter.h; sourceTree = "<group>"; };
		C0DDE1C9180DA5C8005FF890 /* NVLowpassFilter.m */ = {isa = PBXFileReference; fileEncoding = 4; lastKnownFileType = sourcecode.c.objc; path = NVLowpassFilter.m; sourceTree = "<group>"; };
		C0DDE1CA180DA5C8005FF890 /* NVLowShelvingFilter.h */ = {isa = PBXFileReference; fileEncoding = 4; lastKnownFileType = sourcecode.c.h; path = NVLowShelvingFilter.h; sourceTree = "<group>"; };
		C0DDE1CB180DA5C8005FF890 /* NVLowShelvingFilter.m */ = {isa = PBXFileReference; fileEncoding = 4; lastKnownFileType = sourcecode.c.objc; path = NVLowShelvingFilter.m; sourceTree = "<group>"; };
		C0DDE1CC180DA5C8005FF890 /* NVNotchFilter.h */ = {isa = PBXFileReference; fileEncoding = 4; lastKnownFileType = sourcecode.c.h; path = NVNotchFilter.h; sourceTree = "<group>"; };
		C0DDE1CD180DA5C8005FF890 /* NVNotchFilter.m */ = {isa = PBXFileReference; fileEncoding = 4; lastKnownFileType = sourcecode.c.objc; path = NVNotchFilter.m; sourceTree = "<group>"; };
		C0DDE1CE180DA5C8005FF890 /* NVPeakingEQFilter.h */ = {isa = PBXFileReference; fileEncoding = 4; lastKnownFileType = sourcecode.c.h; path = NVPeakingEQFilter.h; sourceTree = "<group>"; };
		C0DDE1CF180DA5C8005FF890 /* NVPeakingEQFilter.m */ = {isa = PBXFileReference; fileEncoding = 4; lastKnownFileType = sourcecode.c.objc; path = NVPeakingEQFilter.m; sourceTree = "<group>"; };
		C0DDE1D9180DA5D7005FF890 /* NVDSP.h */ = {isa = PBXFileReference; fileEncoding = 4; lastKnownFileType = sourcecode.c.h; path = NVDSP.h; sourceTree = "<group>"; };
		C0DDE1DA180DA5D7005FF890 /* NVDSP.mm */ = {isa = PBXFileReference; fileEncoding = 4; lastKnownFileType = sourcecode.cpp.objcpp; path = NVDSP.mm; sourceTree = "<group>"; };
		C0DDE1EC180DA8FF005FF890 /* AudioFileWriter.h */ = {isa = PBXFileReference; fileEncoding = 4; lastKnownFileType = sourcecode.c.h; path = AudioFileWriter.h; sourceTree = "<group>"; };
		C0DDE1ED180DA8FF005FF890 /* AudioFileWriter.m */ = {isa = PBXFileReference; fileEncoding = 4; lastKnownFileType = sourcecode.c.objc; path = AudioFileWriter.m; sourceTree = "<group>"; };
		C0DDE1EE180DA8FF005FF890 /* Novocaine.h */ = {isa = PBXFileReference; fileEncoding = 4; lastKnownFileType = sourcecode.c.h; path = Novocaine.h; sourceTree = "<group>"; };
		C0DDE1EF180DA8FF005FF890 /* Novocaine.m */ = {isa = PBXFileReference; fileEncoding = 4; lastKnownFileType = sourcecode.c.objc; path = Novocaine.m; sourceTree = "<group>"; };
		C0DDE1F6180DABAB005FF890 /* ETManager.h */ = {isa = PBXFileReference; fileEncoding = 4; lastKnownFileType = sourcecode.c.h; path = ETManager.h; sourceTree = "<group>"; };
		C0DDE1F7180DABAB005FF890 /* ETManager.mm */ = {isa = PBXFileReference; fileEncoding = 4; lastKnownFileType = sourcecode.cpp.objcpp; path = ETManager.mm; sourceTree = "<group>"; };
		C0E4611D180D72CF001AAF9B /* ear trainer.app */ = {isa = PBXFileReference; explicitFileType = wrapper.application; includeInIndex = 0; path = "ear trainer.app"; sourceTree = BUILT_PRODUCTS_DIR; };
		C0E46120180D72CF001AAF9B /* Foundation.framework */ = {isa = PBXFileReference; lastKnownFileType = wrapper.framework; name = Foundation.framework; path = System/Library/Frameworks/Foundation.framework; sourceTree = SDKROOT; };
		C0E46122180D72CF001AAF9B /* CoreGraphics.framework */ = {isa = PBXFileReference; lastKnownFileType = wrapper.framework; name = CoreGraphics.framework; path = System/Library/Frameworks/CoreGraphics.framework; sourceTree = SDKROOT; };
		C0E46124180D72CF001AAF9B /* UIKit.framework */ = {isa = PBXFileReference; lastKnownFileType = wrapper.framework; name = UIKit.framework; path = System/Library/Frameworks/UIKit.framework; sourceTree = SDKROOT; };
		C0E46128180D72CF001AAF9B /* ear trainer-Info.plist */ = {isa = PBXFileReference; lastKnownFileType = text.plist.xml; path = "ear trainer-Info.plist"; sourceTree = "<group>"; };
		C0E4612A180D72CF001AAF9B /* en */ = {isa = PBXFileReference; lastKnownFileType = text.plist.strings; name = en; path = en.lproj/InfoPlist.strings; sourceTree = "<group>"; };
		C0E4612C180D72CF001AAF9B /* main.m */ = {isa = PBXFileReference; lastKnownFileType = sourcecode.c.objc; path = main.m; sourceTree = "<group>"; };
		C0E4612E180D72CF001AAF9B /* ear trainer-Prefix.pch */ = {isa = PBXFileReference; lastKnownFileType = sourcecode.c.h; path = "ear trainer-Prefix.pch"; sourceTree = "<group>"; };
		C0E4612F180D72CF001AAF9B /* ETAppDelegate.h */ = {isa = PBXFileReference; lastKnownFileType = sourcecode.c.h; path = ETAppDelegate.h; sourceTree = "<group>"; };
		C0E46130180D72CF001AAF9B /* ETAppDelegate.m */ = {isa = PBXFileReference; lastKnownFileType = sourcecode.c.objc; path = ETAppDelegate.m; sourceTree = "<group>"; };
		C0E46133180D72CF001AAF9B /* Base */ = {isa = PBXFileReference; lastKnownFileType = file.storyboard; name = Base; path = Base.lproj/Main.storyboard; sourceTree = "<group>"; };
		C0E46135180D72CF001AAF9B /* ETViewController.h */ = {isa = PBXFileReference; lastKnownFileType = sourcecode.c.h; path = ETViewController.h; sourceTree = "<group>"; };
		C0E46136180D72CF001AAF9B /* ETViewController.mm */ = {isa = PBXFileReference; lastKnownFileType = sourcecode.cpp.objcpp; path = ETViewController.mm; sourceTree = "<group>"; };
		C0E46138180D72CF001AAF9B /* Images.xcassets */ = {isa = PBXFileReference; lastKnownFileType = folder.assetcatalog; path = Images.xcassets; sourceTree = "<group>"; };
		C0E4613E180D72CF001AAF9B /* ear trainerTests.xctest */ = {isa = PBXFileReference; explicitFileType = wrapper.cfbundle; includeInIndex = 0; path = "ear trainerTests.xctest"; sourceTree = BUILT_PRODUCTS_DIR; };
		C0E4613F180D72CF001AAF9B /* XCTest.framework */ = {isa = PBXFileReference; lastKnownFileType = wrapper.framework; name = XCTest.framework; path = Library/Frameworks/XCTest.framework; sourceTree = DEVELOPER_DIR; };
		C0E46147180D72CF001AAF9B /* ear trainerTests-Info.plist */ = {isa = PBXFileReference; lastKnownFileType = text.plist.xml; path = "ear trainerTests-Info.plist"; sourceTree = "<group>"; };
		C0E46149180D72CF001AAF9B /* en */ = {isa = PBXFileReference; lastKnownFileType = text.plist.strings; name = en; path = en.lproj/InfoPlist.strings; sourceTree = "<group>"; };
		C0E4614B180D72CF001AAF9B /* ear_trainerTests.m */ = {isa = PBXFileReference; lastKnownFileType = sourcecode.c.objc; path = ear_trainerTests.m; sourceTree = "<group>"; };
		C0E46155180D7370001AAF9B /* MediaPlayer.framework */ = {isa = PBXFileReference; lastKnownFileType = wrapper.framework; name = MediaPlayer.framework; path = System/Library/Frameworks/MediaPlayer.framework; sourceTree = SDKROOT; };
		C0F9737E183830D30015FBAB /* ETCell.h */ = {isa = PBXFileReference; fileEncoding = 4; lastKnownFileType = sourcecode.c.h; path = ETCell.h; sourceTree = "<group>"; };
		C0F9737F183830D30015FBAB /* ETCell.m */ = {isa = PBXFileReference; fileEncoding = 4; lastKnownFileType = sourcecode.c.objc; path = ETCell.m; sourceTree = "<group>"; };
		C0F973811838374D0015FBAB /* ETHeaderView.h */ = {isa = PBXFileReference; fileEncoding = 4; lastKnownFileType = sourcecode.c.h; path = ETHeaderView.h; sourceTree = "<group>"; };
		C0F973821838374D0015FBAB /* ETHeaderView.m */ = {isa = PBXFileReference; fileEncoding = 4; lastKnownFileType = sourcecode.c.objc; path = ETHeaderView.m; sourceTree = "<group>"; };
/* End PBXFileReference section */

/* Begin PBXFrameworksBuildPhase section */
		C0E4611A180D72CF001AAF9B /* Frameworks */ = {
			isa = PBXFrameworksBuildPhase;
			buildActionMask = 2147483647;
			files = (
				C0515B4018C5E8CC00C60B88 /* QuartzCore.framework in Frameworks */,
				C03E428D180F0E6C0070FE22 /* AVFoundation.framework in Frameworks */,
				C03E428B180F0DFE0070FE22 /* CoreAudio.framework in Frameworks */,
				C09A9A14180DB1C8001DD5A9 /* AudioToolbox.framework in Frameworks */,
				C09A9A0F180DB00B001DD5A9 /* Accelerate.framework in Frameworks */,
				C0E46156180D7371001AAF9B /* MediaPlayer.framework in Frameworks */,
				C0E46123180D72CF001AAF9B /* CoreGraphics.framework in Frameworks */,
				C0E46125180D72CF001AAF9B /* UIKit.framework in Frameworks */,
				C0E46121180D72CF001AAF9B /* Foundation.framework in Frameworks */,
			);
			runOnlyForDeploymentPostprocessing = 0;
		};
		C0E4613B180D72CF001AAF9B /* Frameworks */ = {
			isa = PBXFrameworksBuildPhase;
			buildActionMask = 2147483647;
			files = (
				C0E46140180D72CF001AAF9B /* XCTest.framework in Frameworks */,
				C0E46142180D72CF001AAF9B /* UIKit.framework in Frameworks */,
				C0E46141180D72CF001AAF9B /* Foundation.framework in Frameworks */,
			);
			runOnlyForDeploymentPostprocessing = 0;
		};
/* End PBXFrameworksBuildPhase section */

/* Begin PBXGroup section */
		C0924C7A1816C4FB00A87334 /* Model */ = {
			isa = PBXGroup;
			children = (
				C0924C771816C0CE00A87334 /* ETFilterStateHandler.h */,
				C0924C781816C0CE00A87334 /* ETFilterStateHandler.m */,
			);
			name = Model;
			sourceTree = "<group>";
		};
		C0924C7B1816C50700A87334 /* API */ = {
			isa = PBXGroup;
			children = (
				C0DDE1F6180DABAB005FF890 /* ETManager.h */,
				C0DDE1F7180DABAB005FF890 /* ETManager.mm */,
			);
			name = API;
			sourceTree = "<group>";
		};
		C0DDE1BD180DA5C8005FF890 /* Filters */ = {
			isa = PBXGroup;
			children = (
				C0DDE1BE180DA5C8005FF890 /* NVAllpassFilter.h */,
				C0DDE1BF180DA5C8005FF890 /* NVAllpassFilter.m */,
				C0DDE1C0180DA5C8005FF890 /* NVBandpassFilter.h */,
				C0DDE1C1180DA5C8005FF890 /* NVBandpassFilter.m */,
				C0DDE1C2180DA5C8005FF890 /* NVBandpassQPeakGainFilter.h */,
				C0DDE1C3180DA5C8005FF890 /* NVBandpassQPeakGainFilter.m */,
				C0DDE1C4180DA5C8005FF890 /* NVHighpassFilter.h */,
				C0DDE1C5180DA5C8005FF890 /* NVHighpassFilter.m */,
				C0DDE1C6180DA5C8005FF890 /* NVHighShelvingFilter.h */,
				C0DDE1C7180DA5C8005FF890 /* NVHighShelvingFilter.m */,
				C0DDE1C8180DA5C8005FF890 /* NVLowpassFilter.h */,
				C0DDE1C9180DA5C8005FF890 /* NVLowpassFilter.m */,
				C0DDE1CA180DA5C8005FF890 /* NVLowShelvingFilter.h */,
				C0DDE1CB180DA5C8005FF890 /* NVLowShelvingFilter.m */,
				C0DDE1CC180DA5C8005FF890 /* NVNotchFilter.h */,
				C0DDE1CD180DA5C8005FF890 /* NVNotchFilter.m */,
				C0DDE1CE180DA5C8005FF890 /* NVPeakingEQFilter.h */,
				C0DDE1CF180DA5C8005FF890 /* NVPeakingEQFilter.m */,
			);
			path = Filters;
			sourceTree = "<group>";
		};
		C0DDE1E9180DA8FF005FF890 /* Novocaine */ = {
			isa = PBXGroup;
			children = (
				C072611A1885D5B400782E58 /* AudioFileReader.h */,
				C072611B1885D5B400782E58 /* AudioFileReader.mm */,
				C09A9A15180DB302001DD5A9 /* RingBuffer.h */,
				C09A9A16180DB302001DD5A9 /* RingBuffer.mm */,
				C0DDE1EC180DA8FF005FF890 /* AudioFileWriter.h */,
				C0DDE1ED180DA8FF005FF890 /* AudioFileWriter.m */,
				C0DDE1EE180DA8FF005FF890 /* Novocaine.h */,
				C0DDE1EF180DA8FF005FF890 /* Novocaine.m */,
			);
			path = Novocaine;
			sourceTree = "<group>";
		};
		C0E46114180D72CF001AAF9B = {
			isa = PBXGroup;
			children = (
				C0E46126180D72CF001AAF9B /* ear trainer */,
				C0E46145180D72CF001AAF9B /* ear trainerTests */,
				C0E4611F180D72CF001AAF9B /* Frameworks */,
				C0E4611E180D72CF001AAF9B /* Products */,
			);
			sourceTree = "<group>";
		};
		C0E4611E180D72CF001AAF9B /* Products */ = {
			isa = PBXGroup;
			children = (
				C0E4611D180D72CF001AAF9B /* ear trainer.app */,
				C0E4613E180D72CF001AAF9B /* ear trainerTests.xctest */,
			);
			name = Products;
			sourceTree = "<group>";
		};
		C0E4611F180D72CF001AAF9B /* Frameworks */ = {
			isa = PBXGroup;
			children = (
				C0515B3F18C5E8CC00C60B88 /* QuartzCore.framework */,
				C03E428C180F0E6C0070FE22 /* AVFoundation.framework */,
				C03E428A180F0DFE0070FE22 /* CoreAudio.framework */,
				C09A9A13180DB1C8001DD5A9 /* AudioToolbox.framework */,
				C09A9A0E180DB00B001DD5A9 /* Accelerate.framework */,
				C0E46155180D7370001AAF9B /* MediaPlayer.framework */,
				C0E46120180D72CF001AAF9B /* Foundation.framework */,
				C0E46122180D72CF001AAF9B /* CoreGraphics.framework */,
				C0E46124180D72CF001AAF9B /* UIKit.framework */,
				C0E4613F180D72CF001AAF9B /* XCTest.framework */,
			);
			name = Frameworks;
			sourceTree = "<group>";
		};
		C0E46126180D72CF001AAF9B /* ear trainer */ = {
			isa = PBXGroup;
			children = (
				C0E4612F180D72CF001AAF9B /* ETAppDelegate.h */,
				C0E46130180D72CF001AAF9B /* ETAppDelegate.m */,
				C0E46132180D72CF001AAF9B /* Main.storyboard */,
				C0E46135180D72CF001AAF9B /* ETViewController.h */,
				C0E46136180D72CF001AAF9B /* ETViewController.mm */,
				C08F60E7181DCC800023C893 /* ETFilterScreenViewController.h */,
				C08F60E8181DCC800023C893 /* ETFilterScreenViewController.m */,
				C0F9737E183830D30015FBAB /* ETCell.h */,
				C0F9737F183830D30015FBAB /* ETCell.m */,
				C0F973811838374D0015FBAB /* ETHeaderView.h */,
				C0F973821838374D0015FBAB /* ETHeaderView.m */,
				C0924C7B1816C50700A87334 /* API */,
				C0924C7A1816C4FB00A87334 /* Model */,
				C0E46138180D72CF001AAF9B /* Images.xcassets */,
				C0DDE1D9180DA5D7005FF890 /* NVDSP.h */,
				C0DDE1DA180DA5D7005FF890 /* NVDSP.mm */,
				C0DDE1E9180DA8FF005FF890 /* Novocaine */,
				C0DDE1BD180DA5C8005FF890 /* Filters */,
				C0E46127180D72CF001AAF9B /* Supporting Files */,
				C0CB23C418109DB00017994B /* ETWaveformImageView.h */,
				C0CB23C518109DB00017994B /* ETWaveformImageView.m */,
			);
			path = "ear trainer";
			sourceTree = "<group>";
		};
		C0E46127180D72CF001AAF9B /* Supporting Files */ = {
			isa = PBXGroup;
			children = (
				C0CAD14F18650C7A002F261C /* out button2.png */,
				C03E9F7F181C53A00011D853 /* sliderthumb.png */,
				C083EFD2181BF2FC00EE7933 /* out button.png */,
				C083EFD0181BE2ED00EE7933 /* in button.png */,
				C0E46128180D72CF001AAF9B /* ear trainer-Info.plist */,
				C0E46129180D72CF001AAF9B /* InfoPlist.strings */,
				C0E4612C180D72CF001AAF9B /* main.m */,
				C0E4612E180D72CF001AAF9B /* ear trainer-Prefix.pch */,
			);
			name = "Supporting Files";
			sourceTree = "<group>";
		};
		C0E46145180D72CF001AAF9B /* ear trainerTests */ = {
			isa = PBXGroup;
			children = (
				C0E4614B180D72CF001AAF9B /* ear_trainerTests.m */,
				C0E46146180D72CF001AAF9B /* Supporting Files */,
			);
			path = "ear trainerTests";
			sourceTree = "<group>";
		};
		C0E46146180D72CF001AAF9B /* Supporting Files */ = {
			isa = PBXGroup;
			children = (
				C0E46147180D72CF001AAF9B /* ear trainerTests-Info.plist */,
				C0E46148180D72CF001AAF9B /* InfoPlist.strings */,
			);
			name = "Supporting Files";
			sourceTree = "<group>";
		};
/* End PBXGroup section */

/* Begin PBXNativeTarget section */
		C0E4611C180D72CF001AAF9B /* ear trainer */ = {
			isa = PBXNativeTarget;
			buildConfigurationList = C0E4614F180D72CF001AAF9B /* Build configuration list for PBXNativeTarget "ear trainer" */;
			buildPhases = (
				C0E46119180D72CF001AAF9B /* Sources */,
				C0E4611A180D72CF001AAF9B /* Frameworks */,
				C0E4611B180D72CF001AAF9B /* Resources */,
			);
			buildRules = (
			);
			dependencies = (
			);
			name = "ear trainer";
			productName = "ear trainer";
			productReference = C0E4611D180D72CF001AAF9B /* ear trainer.app */;
			productType = "com.apple.product-type.application";
		};
		C0E4613D180D72CF001AAF9B /* ear trainerTests */ = {
			isa = PBXNativeTarget;
			buildConfigurationList = C0E46152180D72CF001AAF9B /* Build configuration list for PBXNativeTarget "ear trainerTests" */;
			buildPhases = (
				C0E4613A180D72CF001AAF9B /* Sources */,
				C0E4613B180D72CF001AAF9B /* Frameworks */,
				C0E4613C180D72CF001AAF9B /* Resources */,
			);
			buildRules = (
			);
			dependencies = (
				C0E46144180D72CF001AAF9B /* PBXTargetDependency */,
			);
			name = "ear trainerTests";
			productName = "ear trainerTests";
			productReference = C0E4613E180D72CF001AAF9B /* ear trainerTests.xctest */;
			productType = "com.apple.product-type.bundle.unit-test";
		};
/* End PBXNativeTarget section */

/* Begin PBXProject section */
		C0E46115180D72CF001AAF9B /* Project object */ = {
			isa = PBXProject;
			attributes = {
				CLASSPREFIX = ET;
				LastUpgradeCheck = 0500;
				ORGANIZATIONNAME = "Berk Mollamustafaoğlu";
				TargetAttributes = {
					C0E4613D180D72CF001AAF9B = {
						TestTargetID = C0E4611C180D72CF001AAF9B;
					};
				};
			};
			buildConfigurationList = C0E46118180D72CF001AAF9B /* Build configuration list for PBXProject "ear trainer" */;
			compatibilityVersion = "Xcode 3.2";
			developmentRegion = English;
			hasScannedForEncodings = 0;
			knownRegions = (
				en,
				Base,
			);
			mainGroup = C0E46114180D72CF001AAF9B;
			productRefGroup = C0E4611E180D72CF001AAF9B /* Products */;
			projectDirPath = "";
			projectRoot = "";
			targets = (
				C0E4611C180D72CF001AAF9B /* ear trainer */,
				C0E4613D180D72CF001AAF9B /* ear trainerTests */,
			);
		};
/* End PBXProject section */

/* Begin PBXResourcesBuildPhase section */
		C0E4611B180D72CF001AAF9B /* Resources */ = {
			isa = PBXResourcesBuildPhase;
			buildActionMask = 2147483647;
			files = (
				C0E46139180D72CF001AAF9B /* Images.xcassets in Resources */,
				C0E4612B180D72CF001AAF9B /* InfoPlist.strings in Resources */,
				C0E46134180D72CF001AAF9B /* Main.storyboard in Resources */,
				C083EFD1181BE2ED00EE7933 /* in button.png in Resources */,
				C0CAD15018650C7A002F261C /* out button2.png in Resources */,
				C083EFD3181BF2FC00EE7933 /* out button.png in Resources */,
				C03E9F80181C53A00011D853 /* sliderthumb.png in Resources */,
			);
			runOnlyForDeploymentPostprocessing = 0;
		};
		C0E4613C180D72CF001AAF9B /* Resources */ = {
			isa = PBXResourcesBuildPhase;
			buildActionMask = 2147483647;
			files = (
				C0E4614A180D72CF001AAF9B /* InfoPlist.strings in Resources */,
			);
			runOnlyForDeploymentPostprocessing = 0;
		};
/* End PBXResourcesBuildPhase section */

/* Begin PBXSourcesBuildPhase section */
		C0E46119180D72CF001AAF9B /* Sources */ = {
			isa = PBXSourcesBuildPhase;
			buildActionMask = 2147483647;
			files = (
				C08F60E9181DCC800023C893 /* ETFilterScreenViewController.m in Sources */,
				C0DDE1D5180DA5C8005FF890 /* NVLowpassFilter.m in Sources */,
				C0DDE1D3180DA5C8005FF890 /* NVHighpassFilter.m in Sources */,
				C0DDE1F3180DA8FF005FF890 /* AudioFileWriter.m in Sources */,
				C09A9A17180DB302001DD5A9 /* RingBuffer.mm in Sources */,
				C0E46137180D72CF001AAF9B /* ETViewController.mm in Sources */,
				C0E4612D180D72CF001AAF9B /* main.m in Sources */,
				C0DDE1D6180DA5C8005FF890 /* NVLowShelvingFilter.m in Sources */,
				C0F973831838374D0015FBAB /* ETHeaderView.m in Sources */,
				C0DDE1D7180DA5C8005FF890 /* NVNotchFilter.m in Sources */,
				C0DDE1F4180DA8FF005FF890 /* Novocaine.m in Sources */,
				C0DDE1D4180DA5C8005FF890 /* NVHighShelvingFilter.m in Sources */,
				C0F97380183830D30015FBAB /* ETCell.m in Sources */,
				C0924C791816C0CE00A87334 /* ETFilterStateHandler.m in Sources */,
				C0DDE1D1180DA5C8005FF890 /* NVBandpassFilter.m in Sources */,
				C072611C1885D5B400782E58 /* AudioFileReader.mm in Sources */,
				C0DDE1D2180DA5C8005FF890 /* NVBandpassQPeakGainFilter.m in Sources */,
				C0DDE1DB180DA5D7005FF890 /* NVDSP.mm in Sources */,
				C0DDE1F8180DABAB005FF890 /* ETManager.mm in Sources */,
				C0DDE1D8180DA5C8005FF890 /* NVPeakingEQFilter.m in Sources */,
				C0DDE1D0180DA5C8005FF890 /* NVAllpassFilter.m in Sources */,
				C0E46131180D72CF001AAF9B /* ETAppDelegate.m in Sources */,
				C0CB23C618109DB00017994B /* ETWaveformImageView.m in Sources */,
			);
			runOnlyForDeploymentPostprocessing = 0;
		};
		C0E4613A180D72CF001AAF9B /* Sources */ = {
			isa = PBXSourcesBuildPhase;
			buildActionMask = 2147483647;
			files = (
				C0E4614C180D72CF001AAF9B /* ear_trainerTests.m in Sources */,
			);
			runOnlyForDeploymentPostprocessing = 0;
		};
/* End PBXSourcesBuildPhase section */

/* Begin PBXTargetDependency section */
		C0E46144180D72CF001AAF9B /* PBXTargetDependency */ = {
			isa = PBXTargetDependency;
			target = C0E4611C180D72CF001AAF9B /* ear trainer */;
			targetProxy = C0E46143180D72CF001AAF9B /* PBXContainerItemProxy */;
		};
/* End PBXTargetDependency section */

/* Begin PBXVariantGroup section */
		C0E46129180D72CF001AAF9B /* InfoPlist.strings */ = {
			isa = PBXVariantGroup;
			children = (
				C0E4612A180D72CF001AAF9B /* en */,
			);
			name = InfoPlist.strings;
			sourceTree = "<group>";
		};
		C0E46132180D72CF001AAF9B /* Main.storyboard */ = {
			isa = PBXVariantGroup;
			children = (
				C0E46133180D72CF001AAF9B /* Base */,
			);
			name = Main.storyboard;
			sourceTree = "<group>";
		};
		C0E46148180D72CF001AAF9B /* InfoPlist.strings */ = {
			isa = PBXVariantGroup;
			children = (
				C0E46149180D72CF001AAF9B /* en */,
			);
			name = InfoPlist.strings;
			sourceTree = "<group>";
		};
/* End PBXVariantGroup section */

/* Begin XCBuildConfiguration section */
		C0E4614D180D72CF001AAF9B /* Debug */ = {
			isa = XCBuildConfiguration;
			buildSettings = {
				ALWAYS_SEARCH_USER_PATHS = NO;
				ARCHS = "$(ARCHS_STANDARD_INCLUDING_64_BIT)";
				CLANG_CXX_LANGUAGE_STANDARD = "gnu++0x";
				CLANG_CXX_LIBRARY = "libc++";
				CLANG_ENABLE_MODULES = YES;
				CLANG_ENABLE_OBJC_ARC = YES;
				CLANG_WARN_BOOL_CONVERSION = YES;
				CLANG_WARN_CONSTANT_CONVERSION = YES;
				CLANG_WARN_DIRECT_OBJC_ISA_USAGE = YES_ERROR;
				CLANG_WARN_EMPTY_BODY = YES;
				CLANG_WARN_ENUM_CONVERSION = YES;
				CLANG_WARN_INT_CONVERSION = YES;
				CLANG_WARN_OBJC_ROOT_CLASS = YES_ERROR;
				CLANG_WARN__DUPLICATE_METHOD_MATCH = YES;
				"CODE_SIGN_IDENTITY[sdk=iphoneos*]" = "iPhone Developer";
				COPY_PHASE_STRIP = NO;
				GCC_C_LANGUAGE_STANDARD = gnu99;
				GCC_DYNAMIC_NO_PIC = NO;
				GCC_OPTIMIZATION_LEVEL = 0;
				GCC_PREPROCESSOR_DEFINITIONS = (
					"DEBUG=1",
					"$(inherited)",
				);
				GCC_SYMBOLS_PRIVATE_EXTERN = NO;
				GCC_WARN_64_TO_32_BIT_CONVERSION = YES;
				GCC_WARN_ABOUT_RETURN_TYPE = YES_ERROR;
				GCC_WARN_UNDECLARED_SELECTOR = YES;
				GCC_WARN_UNINITIALIZED_AUTOS = YES;
				GCC_WARN_UNUSED_FUNCTION = YES;
				GCC_WARN_UNUSED_VARIABLE = YES;
				IPHONEOS_DEPLOYMENT_TARGET = 7.0;
				ONLY_ACTIVE_ARCH = YES;
				SDKROOT = iphoneos;
			};
			name = Debug;
		};
		C0E4614E180D72CF001AAF9B /* Release */ = {
			isa = XCBuildConfiguration;
			buildSettings = {
				ALWAYS_SEARCH_USER_PATHS = NO;
				ARCHS = "$(ARCHS_STANDARD_INCLUDING_64_BIT)";
				CLANG_CXX_LANGUAGE_STANDARD = "gnu++0x";
				CLANG_CXX_LIBRARY = "libc++";
				CLANG_ENABLE_MODULES = YES;
				CLANG_ENABLE_OBJC_ARC = YES;
				CLANG_WARN_BOOL_CONVERSION = YES;
				CLANG_WARN_CONSTANT_CONVERSION = YES;
				CLANG_WARN_DIRECT_OBJC_ISA_USAGE = YES_ERROR;
				CLANG_WARN_EMPTY_BODY = YES;
				CLANG_WARN_ENUM_CONVERSION = YES;
				CLANG_WARN_INT_CONVERSION = YES;
				CLANG_WARN_OBJC_ROOT_CLASS = YES_ERROR;
				CLANG_WARN__DUPLICATE_METHOD_MATCH = YES;
				"CODE_SIGN_IDENTITY[sdk=iphoneos*]" = "iPhone Developer";
				COPY_PHASE_STRIP = YES;
				ENABLE_NS_ASSERTIONS = NO;
				GCC_C_LANGUAGE_STANDARD = gnu99;
				GCC_WARN_64_TO_32_BIT_CONVERSION = YES;
				GCC_WARN_ABOUT_RETURN_TYPE = YES_ERROR;
				GCC_WARN_UNDECLARED_SELECTOR = YES;
				GCC_WARN_UNINITIALIZED_AUTOS = YES;
				GCC_WARN_UNUSED_FUNCTION = YES;
				GCC_WARN_UNUSED_VARIABLE = YES;
				IPHONEOS_DEPLOYMENT_TARGET = 7.0;
				SDKROOT = iphoneos;
				VALIDATE_PRODUCT = YES;
			};
			name = Release;
		};
		C0E46150180D72CF001AAF9B /* Debug */ = {
			isa = XCBuildConfiguration;
			buildSettings = {
				ARCHS = "$(ARCHS_STANDARD)";
				ASSETCATALOG_COMPILER_APPICON_NAME = AppIcon;
				ASSETCATALOG_COMPILER_LAUNCHIMAGE_NAME = LaunchImage;
				GCC_PRECOMPILE_PREFIX_HEADER = YES;
				GCC_PREFIX_HEADER = "ear trainer/ear trainer-Prefix.pch";
				INFOPLIST_FILE = "ear trainer/ear trainer-Info.plist";
				IPHONEOS_DEPLOYMENT_TARGET = 6.1;
				PRODUCT_NAME = "$(TARGET_NAME)";
				WRAPPER_EXTENSION = app;
			};
			name = Debug;
		};
		C0E46151180D72CF001AAF9B /* Release */ = {
			isa = XCBuildConfiguration;
			buildSettings = {
				ARCHS = "$(ARCHS_STANDARD)";
				ASSETCATALOG_COMPILER_APPICON_NAME = AppIcon;
				ASSETCATALOG_COMPILER_LAUNCHIMAGE_NAME = LaunchImage;
				GCC_PRECOMPILE_PREFIX_HEADER = YES;
				GCC_PREFIX_HEADER = "ear trainer/ear trainer-Prefix.pch";
				INFOPLIST_FILE = "ear trainer/ear trainer-Info.plist";
				IPHONEOS_DEPLOYMENT_TARGET = 6.1;
				PRODUCT_NAME = "$(TARGET_NAME)";
				WRAPPER_EXTENSION = app;
			};
			name = Release;
		};
		C0E46153180D72CF001AAF9B /* Debug */ = {
			isa = XCBuildConfiguration;
			buildSettings = {
				ARCHS = "$(ARCHS_STANDARD_INCLUDING_64_BIT)";
				BUNDLE_LOADER = "$(BUILT_PRODUCTS_DIR)/ear trainer.app/ear trainer";
				FRAMEWORK_SEARCH_PATHS = (
					"$(SDKROOT)/Developer/Library/Frameworks",
					"$(inherited)",
					"$(DEVELOPER_FRAMEWORKS_DIR)",
				);
				GCC_PRECOMPILE_PREFIX_HEADER = YES;
				GCC_PREFIX_HEADER = "ear trainer/ear trainer-Prefix.pch";
				GCC_PREPROCESSOR_DEFINITIONS = (
					"DEBUG=1",
					"$(inherited)",
				);
				INFOPLIST_FILE = "ear trainerTests/ear trainerTests-Info.plist";
				PRODUCT_NAME = "$(TARGET_NAME)";
				TEST_HOST = "$(BUNDLE_LOADER)";
				WRAPPER_EXTENSION = xctest;
			};
			name = Debug;
		};
		C0E46154180D72CF001AAF9B /* Release */ = {
			isa = XCBuildConfiguration;
			buildSettings = {
				ARCHS = "$(ARCHS_STANDARD_INCLUDING_64_BIT)";
				BUNDLE_LOADER = "$(BUILT_PRODUCTS_DIR)/ear trainer.app/ear trainer";
				FRAMEWORK_SEARCH_PATHS = (
					"$(SDKROOT)/Developer/Library/Frameworks",
					"$(inherited)",
					"$(DEVELOPER_FRAMEWORKS_DIR)",
				);
				GCC_PRECOMPILE_PREFIX_HEADER = YES;
				GCC_PREFIX_HEADER = "ear trainer/ear trainer-Prefix.pch";
				INFOPLIST_FILE = "ear trainerTests/ear trainerTests-Info.plist";
				PRODUCT_NAME = "$(TARGET_NAME)";
				TEST_HOST = "$(BUNDLE_LOADER)";
				WRAPPER_EXTENSION = xctest;
			};
			name = Release;
		};
/* End XCBuildConfiguration section */

/* Begin XCConfigurationList section */
		C0E46118180D72CF001AAF9B /* Build configuration list for PBXProject "ear trainer" */ = {
			isa = XCConfigurationList;
			buildConfigurations = (
				C0E4614D180D72CF001AAF9B /* Debug */,
				C0E4614E180D72CF001AAF9B /* Release */,
			);
			defaultConfigurationIsVisible = 0;
			defaultConfigurationName = Release;
		};
		C0E4614F180D72CF001AAF9B /* Build configuration list for PBXNativeTarget "ear trainer" */ = {
			isa = XCConfigurationList;
			buildConfigurations = (
				C0E46150180D72CF001AAF9B /* Debug */,
				C0E46151180D72CF001AAF9B /* Release */,
			);
			defaultConfigurationIsVisible = 0;
			defaultConfigurationName = Release;
		};
		C0E46152180D72CF001AAF9B /* Build configuration list for PBXNativeTarget "ear trainerTests" */ = {
			isa = XCConfigurationList;
			buildConfigurations = (
				C0E46153180D72CF001AAF9B /* Debug */,
				C0E46154180D72CF001AAF9B /* Release */,
			);
			defaultConfigurationIsVisible = 0;
			defaultConfigurationName = Release;
		};
/* End XCConfigurationList section */
	};
	rootObject = C0E46115180D72CF001AAF9B /* Project object */;
}
